
Microsoft Visual Studio Solution File, Format Version 12.00
# Visual Studio Version 16
VisualStudioVersion = 16.0.30503.244
MinimumVisualStudioVersion = 10.0.40219.1
Project("{FAE04EC0-301F-11D3-BF4B-00C04F79EFBC}") = "SuperFastEvents", "SuperFastEvents\SuperFastEvents.csproj", "{01001A60-83F9-4B66-A71C-539A3C48B0FD}"
EndProject
Global
	GlobalSection(SolutionConfigurationPlatforms) = preSolution
		Debug|Any CPU = Debug|Any CPU
		Release|Any CPU = Release|Any CPU
	EndGlobalSection
	GlobalSection(ProjectConfigurationPlatforms) = postSolution
		{01001A60-83F9-4B66-A71C-539A3C48B0FD}.Debug|Any CPU.ActiveCfg = Debug|Any CPU
		{01001A60-83F9-4B66-A71C-539A3C48B0FD}.Debug|Any CPU.Build.0 = Debug|Any CPU
		{01001A60-83F9-4B66-A71C-539A3C48B0FD}.Release|Any CPU.ActiveCfg = Release|Any CPU
		{01001A60-83F9-4B66-A71C-539A3C48B0FD}.Release|Any CPU.Build.0 = Release|Any CPU
	EndGlobalSection
	GlobalSection(SolutionProperties) = preSolution
		HideSolutionNode = FALSE
	EndGlobalSection
	GlobalSection(ExtensibilityGlobals) = postSolution
		SolutionGuid = {6222D380-2D5B-49F9-81C9-9BBDE7003E4A}
	EndGlobalSection
EndGlobal
